
Microsoft Visual Studio Solution File, Format Version 12.00
# Visual Studio Version 16
VisualStudioVersion = 16.0.33529.622
MinimumVisualStudioVersion = 10.0.40219.1
Project("{FAE04EC0-301F-11D3-BF4B-00C04F79EFBC}") = "DVTElevatorChallenge", "DVTElevatorChallenge\DVTElevatorChallenge.csproj", "{B05B4918-A8E5-4CA1-BE8D-5B7F432A0CB6}"
EndProject
Global
	GlobalSection(SolutionConfigurationPlatforms) = preSolution
		Debug|Any CPU = Debug|Any CPU
		Release|Any CPU = Release|Any CPU
	EndGlobalSection
	GlobalSection(ProjectConfigurationPlatforms) = postSolution
		{B05B4918-A8E5-4CA1-BE8D-5B7F432A0CB6}.Debug|Any CPU.ActiveCfg = Debug|Any CPU
		{B05B4918-A8E5-4CA1-BE8D-5B7F432A0CB6}.Debug|Any CPU.Build.0 = Debug|Any CPU
		{B05B4918-A8E5-4CA1-BE8D-5B7F432A0CB6}.Release|Any CPU.ActiveCfg = Release|Any CPU
		{B05B4918-A8E5-4CA1-BE8D-5B7F432A0CB6}.Release|Any CPU.Build.0 = Release|Any CPU
	EndGlobalSection
	GlobalSection(SolutionProperties) = preSolution
		HideSolutionNode = FALSE
	EndGlobalSection
	GlobalSection(ExtensibilityGlobals) = postSolution
		SolutionGuid = {1E28C476-84A1-4A9F-8179-63AA3428EEBE}
	EndGlobalSection
EndGlobal
